
Microsoft Visual Studio Solution File, Format Version 12.00
# Visual Studio Version 16
VisualStudioVersion = 16.0.34601.136
MinimumVisualStudioVersion = 10.0.40219.1
Project("{F184B08F-C81C-45F6-A57F-5ABD9991F28F}") = "Vhh2210900104lesion07", "Vhh2210900104lesion07\Vhh2210900104lesion07.vbproj", "{E539EE50-F77C-4F58-A7BB-9149EEB80086}"
EndProject
Global
	GlobalSection(SolutionConfigurationPlatforms) = preSolution
		Debug|Any CPU = Debug|Any CPU
		Release|Any CPU = Release|Any CPU
	EndGlobalSection
	GlobalSection(ProjectConfigurationPlatforms) = postSolution
		{E539EE50-F77C-4F58-A7BB-9149EEB80086}.Debug|Any CPU.ActiveCfg = Debug|Any CPU
		{E539EE50-F77C-4F58-A7BB-9149EEB80086}.Debug|Any CPU.Build.0 = Debug|Any CPU
		{E539EE50-F77C-4F58-A7BB-9149EEB80086}.Release|Any CPU.ActiveCfg = Release|Any CPU
		{E539EE50-F77C-4F58-A7BB-9149EEB80086}.Release|Any CPU.Build.0 = Release|Any CPU
	EndGlobalSection
	GlobalSection(SolutionProperties) = preSolution
		HideSolutionNode = FALSE
	EndGlobalSection
	GlobalSection(ExtensibilityGlobals) = postSolution
		SolutionGuid = {756AA2C8-A574-4505-B17A-34B022BF4D1A}
	EndGlobalSection
EndGlobal
